
Microsoft Visual Studio Solution File, Format Version 12.00
# Visual Studio Version 17
VisualStudioVersion = 17.0.31903.59
MinimumVisualStudioVersion = 10.0.40219.1
Project("{FAE04EC0-301F-11D3-BF4B-00C04F79EFBC}") = "API", "API\API.csproj", "{3B78E72F-5F7B-4B28-8241-7B686E380BFE}"
EndProject
Project("{FAE04EC0-301F-11D3-BF4B-00C04F79EFBC}") = "Persistence", "Persistence\Persistence.csproj", "{BFEA5EAD-7D02-46C4-A72F-9AD3EC09618F}"
EndProject
Project("{FAE04EC0-301F-11D3-BF4B-00C04F79EFBC}") = "Application", "Application\Application.csproj", "{1BA5BB8A-BFB9-42AD-84FE-4CF24D367E42}"
EndProject
Project("{FAE04EC0-301F-11D3-BF4B-00C04F79EFBC}") = "Domain", "Domain\Domain.csproj", "{68C8AF87-9E10-4C80-8FBB-66EDB12D9482}"
EndProject
Global
	GlobalSection(SolutionConfigurationPlatforms) = preSolution
		Debug|Any CPU = Debug|Any CPU
		Debug|x64 = Debug|x64
		Debug|x86 = Debug|x86
		Release|Any CPU = Release|Any CPU
		Release|x64 = Release|x64
		Release|x86 = Release|x86
	EndGlobalSection
	GlobalSection(ProjectConfigurationPlatforms) = postSolution
		{3B78E72F-5F7B-4B28-8241-7B686E380BFE}.Debug|Any CPU.ActiveCfg = Debug|Any CPU
		{3B78E72F-5F7B-4B28-8241-7B686E380BFE}.Debug|Any CPU.Build.0 = Debug|Any CPU
		{3B78E72F-5F7B-4B28-8241-7B686E380BFE}.Debug|x64.ActiveCfg = Debug|Any CPU
		{3B78E72F-5F7B-4B28-8241-7B686E380BFE}.Debug|x64.Build.0 = Debug|Any CPU
		{3B78E72F-5F7B-4B28-8241-7B686E380BFE}.Debug|x86.ActiveCfg = Debug|Any CPU
		{3B78E72F-5F7B-4B28-8241-7B686E380BFE}.Debug|x86.Build.0 = Debug|Any CPU
		{3B78E72F-5F7B-4B28-8241-7B686E380BFE}.Release|Any CPU.ActiveCfg = Release|Any CPU
		{3B78E72F-5F7B-4B28-8241-7B686E380BFE}.Release|Any CPU.Build.0 = Release|Any CPU
		{3B78E72F-5F7B-4B28-8241-7B686E380BFE}.Release|x64.ActiveCfg = Release|Any CPU
		{3B78E72F-5F7B-4B28-8241-7B686E380BFE}.Release|x64.Build.0 = Release|Any CPU
		{3B78E72F-5F7B-4B28-8241-7B686E380BFE}.Release|x86.ActiveCfg = Release|Any CPU
		{3B78E72F-5F7B-4B28-8241-7B686E380BFE}.Release|x86.Build.0 = Release|Any CPU
		{BFEA5EAD-7D02-46C4-A72F-9AD3EC09618F}.Debug|Any CPU.ActiveCfg = Debug|Any CPU
		{BFEA5EAD-7D02-46C4-A72F-9AD3EC09618F}.Debug|Any CPU.Build.0 = Debug|Any CPU
		{BFEA5EAD-7D02-46C4-A72F-9AD3EC09618F}.Debug|x64.ActiveCfg = Debug|Any CPU
		{BFEA5EAD-7D02-46C4-A72F-9AD3EC09618F}.Debug|x64.Build.0 = Debug|Any CPU
		{BFEA5EAD-7D02-46C4-A72F-9AD3EC09618F}.Debug|x86.ActiveCfg = Debug|Any CPU
		{BFEA5EAD-7D02-46C4-A72F-9AD3EC09618F}.Debug|x86.Build.0 = Debug|Any CPU
		{BFEA5EAD-7D02-46C4-A72F-9AD3EC09618F}.Release|Any CPU.ActiveCfg = Release|Any CPU
		{BFEA5EAD-7D02-46C4-A72F-9AD3EC09618F}.Release|Any CPU.Build.0 = Release|Any CPU
		{BFEA5EAD-7D02-46C4-A72F-9AD3EC09618F}.Release|x64.ActiveCfg = Release|Any CPU
		{BFEA5EAD-7D02-46C4-A72F-9AD3EC09618F}.Release|x64.Build.0 = Release|Any CPU
		{BFEA5EAD-7D02-46C4-A72F-9AD3EC09618F}.Release|x86.ActiveCfg = Release|Any CPU
		{BFEA5EAD-7D02-46C4-A72F-9AD3EC09618F}.Release|x86.Build.0 = Release|Any CPU
		{1BA5BB8A-BFB9-42AD-84FE-4CF24D367E42}.Debug|Any CPU.ActiveCfg = Debug|Any CPU
		{1BA5BB8A-BFB9-42AD-84FE-4CF24D367E42}.Debug|Any CPU.Build.0 = Debug|Any CPU
		{1BA5BB8A-BFB9-42AD-84FE-4CF24D367E42}.Debug|x64.ActiveCfg = Debug|Any CPU
		{1BA5BB8A-BFB9-42AD-84FE-4CF24D367E42}.Debug|x64.Build.0 = Debug|Any CPU
		{1BA5BB8A-BFB9-42AD-84FE-4CF24D367E42}.Debug|x86.ActiveCfg = Debug|Any CPU
		{1BA5BB8A-BFB9-42AD-84FE-4CF24D367E42}.Debug|x86.Build.0 = Debug|Any CPU
		{1BA5BB8A-BFB9-42AD-84FE-4CF24D367E42}.Release|Any CPU.ActiveCfg = Release|Any CPU
		{1BA5BB8A-BFB9-42AD-84FE-4CF24D367E42}.Release|Any CPU.Build.0 = Release|Any CPU
		{1BA5BB8A-BFB9-42AD-84FE-4CF24D367E42}.Release|x64.ActiveCfg = Release|Any CPU
		{1BA5BB8A-BFB9-42AD-84FE-4CF24D367E42}.Release|x64.Build.0 = Release|Any CPU
		{1BA5BB8A-BFB9-42AD-84FE-4CF24D367E42}.Release|x86.ActiveCfg = Release|Any CPU
		{1BA5BB8A-BFB9-42AD-84FE-4CF24D367E42}.Release|x86.Build.0 = Release|Any CPU
		{68C8AF87-9E10-4C80-8FBB-66EDB12D9482}.Debug|Any CPU.ActiveCfg = Debug|Any CPU
		{68C8AF87-9E10-4C80-8FBB-66EDB12D9482}.Debug|Any CPU.Build.0 = Debug|Any CPU
		{68C8AF87-9E10-4C80-8FBB-66EDB12D9482}.Debug|x64.ActiveCfg = Debug|Any CPU
		{68C8AF87-9E10-4C80-8FBB-66EDB12D9482}.Debug|x64.Build.0 = Debug|Any CPU
		{68C8AF87-9E10-4C80-8FBB-66EDB12D9482}.Debug|x86.ActiveCfg = Debug|Any CPU
		{68C8AF87-9E10-4C80-8FBB-66EDB12D9482}.Debug|x86.Build.0 = Debug|Any CPU
		{68C8AF87-9E10-4C80-8FBB-66EDB12D9482}.Release|Any CPU.ActiveCfg = Release|Any CPU
		{68C8AF87-9E10-4C80-8FBB-66EDB12D9482}.Release|Any CPU.Build.0 = Release|Any CPU
		{68C8AF87-9E10-4C80-8FBB-66EDB12D9482}.Release|x64.ActiveCfg = Release|Any CPU
		{68C8AF87-9E10-4C80-8FBB-66EDB12D9482}.Release|x64.Build.0 = Release|Any CPU
		{68C8AF87-9E10-4C80-8FBB-66EDB12D9482}.Release|x86.ActiveCfg = Release|Any CPU
		{68C8AF87-9E10-4C80-8FBB-66EDB12D9482}.Release|x86.Build.0 = Release|Any CPU
	EndGlobalSection
	GlobalSection(SolutionProperties) = preSolution
		HideSolutionNode = FALSE
	EndGlobalSection
EndGlobal
